
Microsoft Visual Studio Solution File, Format Version 11.00
# Visual Studio 2010
Project("{F184B08F-C81C-45F6-A57F-5ABD9991F28F}") = "BSServerMonitor", "BSServerMonitor\BSServerMonitor.vbproj", "{97F56A63-3A52-40EF-8F2A-77E4BB0113D8}"
	ProjectSection(ProjectDependencies) = postProject
		{1B5D8A14-0EE2-4D00-8874-B53FCF387E3F} = {1B5D8A14-0EE2-4D00-8874-B53FCF387E3F}
		{452B212E-B306-4D3C-9D8B-9ECFD7895E5B} = {452B212E-B306-4D3C-9D8B-9ECFD7895E5B}
		{2BEFD33A-D771-45FE-AA84-412034AA8A46} = {2BEFD33A-D771-45FE-AA84-412034AA8A46}
		{771DA160-C6A8-43A2-AB0A-051542B35924} = {771DA160-C6A8-43A2-AB0A-051542B35924}
		{D645EC70-3F6E-48CD-8BF2-0697F2E14DF3} = {D645EC70-3F6E-48CD-8BF2-0697F2E14DF3}
		{2D22EA80-1406-4F54-A61E-5CDCCEE68241} = {2D22EA80-1406-4F54-A61E-5CDCCEE68241}
		{0CBBBA90-6F6E-4A8C-83BC-1A04BEF16C39} = {0CBBBA90-6F6E-4A8C-83BC-1A04BEF16C39}
		{44B35C92-4A59-43AC-B4CA-0A63A8ACBCD2} = {44B35C92-4A59-43AC-B4CA-0A63A8ACBCD2}
		{36209BB5-0B88-426C-8876-F2E23A2A81F4} = {36209BB5-0B88-426C-8876-F2E23A2A81F4}
		{79A457D6-34D3-448B-B4DD-6673C414389B} = {79A457D6-34D3-448B-B4DD-6673C414389B}
		{1AB748F9-A493-42F4-A98E-C17F229F59F9} = {1AB748F9-A493-42F4-A98E-C17F229F59F9}
	EndProjectSection
EndProject
Project("{F184B08F-C81C-45F6-A57F-5ABD9991F28F}") = "BSSM_Pinger", "BSSM_Pinger\BSSM_Pinger.vbproj", "{D645EC70-3F6E-48CD-8BF2-0697F2E14DF3}"
EndProject
Project("{F184B08F-C81C-45F6-A57F-5ABD9991F28F}") = "BSSM_PingManager", "BSSM_PingManager\BSSM_PingManager.vbproj", "{1B5D8A14-0EE2-4D00-8874-B53FCF387E3F}"
EndProject
Project("{F184B08F-C81C-45F6-A57F-5ABD9991F28F}") = "BSPortManager", "BSPortManager\BSPortManager.vbproj", "{452B212E-B306-4D3C-9D8B-9ECFD7895E5B}"
EndProject
Project("{F184B08F-C81C-45F6-A57F-5ABD9991F28F}") = "BSSMService", "BSSMService\BSSMService.vbproj", "{79A457D6-34D3-448B-B4DD-6673C414389B}"
EndProject
Project("{F184B08F-C81C-45F6-A57F-5ABD9991F28F}") = "dbmaint", "dbmaint\dbmaint.vbproj", "{1AB748F9-A493-42F4-A98E-C17F229F59F9}"
EndProject
Project("{F184B08F-C81C-45F6-A57F-5ABD9991F28F}") = "bsaddsrv", "bsaddsrv\bsaddsrv.vbproj", "{44B35C92-4A59-43AC-B4CA-0A63A8ACBCD2}"
EndProject
Project("{F184B08F-C81C-45F6-A57F-5ABD9991F28F}") = "BSSM", "BSSM\BSSM.vbproj", "{2BEFD33A-D771-45FE-AA84-412034AA8A46}"
EndProject
Project("{F184B08F-C81C-45F6-A57F-5ABD9991F28F}") = "bssm_PortScanner", "bssm_PortScanner\bssm_PortScanner.vbproj", "{2D22EA80-1406-4F54-A61E-5CDCCEE68241}"
EndProject
Project("{54435603-DBB4-11D2-8724-00A0C9A8B90C}") = "BSSM_CollectorInstaller", "BSSM_CollectorInstaller\BSSM_CollectorInstaller.vdproj", "{771DA160-C6A8-43A2-AB0A-051542B35924}"
EndProject
Project("{F184B08F-C81C-45F6-A57F-5ABD9991F28F}") = "BSSM_ColHealth", "BSSM_ColHealth\BSSM_ColHealth.vbproj", "{36209BB5-0B88-426C-8876-F2E23A2A81F4}"
EndProject
Project("{F184B08F-C81C-45F6-A57F-5ABD9991F28F}") = "BSSM_NMAP", "BSSM_NMAP\BSSM_NMAP.vbproj", "{0CBBBA90-6F6E-4A8C-83BC-1A04BEF16C39}"
EndProject
Project("{54435603-DBB4-11D2-8724-00A0C9A8B90C}") = "BSSM_UI_Installer_x86", "BSSM_UI_Installer_x86\BSSM_UI_Installer_x86.vdproj", "{B0555A0E-698E-4332-8D82-2F4C393E86B6}"
	ProjectSection(ProjectDependencies) = postProject
		{97F56A63-3A52-40EF-8F2A-77E4BB0113D8} = {97F56A63-3A52-40EF-8F2A-77E4BB0113D8}
	EndProjectSection
EndProject
Project("{54435603-DBB4-11D2-8724-00A0C9A8B90C}") = "BSSM_UI_Installer_x86_Upgrade", "BSSM_UI_Installer_x86_Upgrade\BSSM_UI_Installer_x86_Upgrade.vdproj", "{130083C7-5E0C-4E99-91A3-EEFA5AF3777A}"
	ProjectSection(ProjectDependencies) = postProject
		{97F56A63-3A52-40EF-8F2A-77E4BB0113D8} = {97F56A63-3A52-40EF-8F2A-77E4BB0113D8}
	EndProjectSection
EndProject
Project("{54435603-DBB4-11D2-8724-00A0C9A8B90C}") = "BSSM_UI_Installer_x86_ReadOnly", "BSSM_UI_Installer_x86_ReadOnly\BSSM_UI_Installer_x86_ReadOnly.vdproj", "{E3ED4ED9-D438-4B7E-8C75-B5D1D340845C}"
	ProjectSection(ProjectDependencies) = postProject
		{97F56A63-3A52-40EF-8F2A-77E4BB0113D8} = {97F56A63-3A52-40EF-8F2A-77E4BB0113D8}
	EndProjectSection
EndProject
Project("{54435603-DBB4-11D2-8724-00A0C9A8B90C}") = "BSSM_Server_Installer_x86", "BSSM_Server_Installer_x86\BSSM_Server_Installer_x86.vdproj", "{8C50A843-DCF9-4B30-9D9B-E975A0B011DB}"
EndProject
Project("{F184B08F-C81C-45F6-A57F-5ABD9991F28F}") = "BSSM_Setup", "BSSM_Setup\BSSM_Setup.vbproj", "{BAFAC3FE-6EDC-4EF3-A920-C496C33885E6}"
EndProject
Project("{F184B08F-C81C-45F6-A57F-5ABD9991F28F}") = "BSSM_WebManager", "BSSM_WebManager\BSSM_WebManager.vbproj", "{C7DFDEFA-3819-427E-8CB9-5C012769915E}"
EndProject
Project("{F184B08F-C81C-45F6-A57F-5ABD9991F28F}") = "BSSM_WebTest", "BSSM_WebTest\BSSM_WebTest.vbproj", "{C74E659B-529F-4DA8-A178-0FDA50EB21D6}"
EndProject
Project("{F184B08F-C81C-45F6-A57F-5ABD9991F28F}") = "BurnSoft.Universal", "BurnSoft.Universal\BurnSoft.Universal.vbproj", "{97BEB8C0-C7DD-4246-8E4A-48DAC0BA72C6}"
EndProject
Project("{F184B08F-C81C-45F6-A57F-5ABD9991F28F}") = "BSSM_WebUI", "BSSM_WebUI\BSSM_WebUI.vbproj", "{CA64B2E4-6C87-4D68-B295-12D446377619}"
EndProject
Global
	GlobalSection(SolutionConfigurationPlatforms) = preSolution
		Debug|Any CPU = Debug|Any CPU
		Release|Any CPU = Release|Any CPU
	EndGlobalSection
	GlobalSection(ProjectConfigurationPlatforms) = postSolution
		{97F56A63-3A52-40EF-8F2A-77E4BB0113D8}.Debug|Any CPU.ActiveCfg = Debug|Any CPU
		{97F56A63-3A52-40EF-8F2A-77E4BB0113D8}.Debug|Any CPU.Build.0 = Debug|Any CPU
		{97F56A63-3A52-40EF-8F2A-77E4BB0113D8}.Release|Any CPU.ActiveCfg = Release|Any CPU
		{97F56A63-3A52-40EF-8F2A-77E4BB0113D8}.Release|Any CPU.Build.0 = Release|Any CPU
		{D645EC70-3F6E-48CD-8BF2-0697F2E14DF3}.Debug|Any CPU.ActiveCfg = Debug|Any CPU
		{D645EC70-3F6E-48CD-8BF2-0697F2E14DF3}.Debug|Any CPU.Build.0 = Debug|Any CPU
		{D645EC70-3F6E-48CD-8BF2-0697F2E14DF3}.Release|Any CPU.ActiveCfg = Release|Any CPU
		{D645EC70-3F6E-48CD-8BF2-0697F2E14DF3}.Release|Any CPU.Build.0 = Release|Any CPU
		{1B5D8A14-0EE2-4D00-8874-B53FCF387E3F}.Debug|Any CPU.ActiveCfg = Debug|Any CPU
		{1B5D8A14-0EE2-4D00-8874-B53FCF387E3F}.Debug|Any CPU.Build.0 = Debug|Any CPU
		{1B5D8A14-0EE2-4D00-8874-B53FCF387E3F}.Release|Any CPU.ActiveCfg = Release|Any CPU
		{1B5D8A14-0EE2-4D00-8874-B53FCF387E3F}.Release|Any CPU.Build.0 = Release|Any CPU
		{452B212E-B306-4D3C-9D8B-9ECFD7895E5B}.Debug|Any CPU.ActiveCfg = Debug|Any CPU
		{452B212E-B306-4D3C-9D8B-9ECFD7895E5B}.Debug|Any CPU.Build.0 = Debug|Any CPU
		{452B212E-B306-4D3C-9D8B-9ECFD7895E5B}.Release|Any CPU.ActiveCfg = Release|Any CPU
		{452B212E-B306-4D3C-9D8B-9ECFD7895E5B}.Release|Any CPU.Build.0 = Release|Any CPU
		{79A457D6-34D3-448B-B4DD-6673C414389B}.Debug|Any CPU.ActiveCfg = Debug|Any CPU
		{79A457D6-34D3-448B-B4DD-6673C414389B}.Debug|Any CPU.Build.0 = Debug|Any CPU
		{79A457D6-34D3-448B-B4DD-6673C414389B}.Release|Any CPU.ActiveCfg = Release|Any CPU
		{79A457D6-34D3-448B-B4DD-6673C414389B}.Release|Any CPU.Build.0 = Release|Any CPU
		{1AB748F9-A493-42F4-A98E-C17F229F59F9}.Debug|Any CPU.ActiveCfg = Debug|Any CPU
		{1AB748F9-A493-42F4-A98E-C17F229F59F9}.Debug|Any CPU.Build.0 = Debug|Any CPU
		{1AB748F9-A493-42F4-A98E-C17F229F59F9}.Release|Any CPU.ActiveCfg = Release|Any CPU
		{1AB748F9-A493-42F4-A98E-C17F229F59F9}.Release|Any CPU.Build.0 = Release|Any CPU
		{44B35C92-4A59-43AC-B4CA-0A63A8ACBCD2}.Debug|Any CPU.ActiveCfg = Debug|Any CPU
		{44B35C92-4A59-43AC-B4CA-0A63A8ACBCD2}.Debug|Any CPU.Build.0 = Debug|Any CPU
		{44B35C92-4A59-43AC-B4CA-0A63A8ACBCD2}.Release|Any CPU.ActiveCfg = Release|Any CPU
		{44B35C92-4A59-43AC-B4CA-0A63A8ACBCD2}.Release|Any CPU.Build.0 = Release|Any CPU
		{2BEFD33A-D771-45FE-AA84-412034AA8A46}.Debug|Any CPU.ActiveCfg = Debug|Any CPU
		{2BEFD33A-D771-45FE-AA84-412034AA8A46}.Debug|Any CPU.Build.0 = Debug|Any CPU
		{2BEFD33A-D771-45FE-AA84-412034AA8A46}.Release|Any CPU.ActiveCfg = Release|Any CPU
		{2BEFD33A-D771-45FE-AA84-412034AA8A46}.Release|Any CPU.Build.0 = Release|Any CPU
		{2D22EA80-1406-4F54-A61E-5CDCCEE68241}.Debug|Any CPU.ActiveCfg = Debug|Any CPU
		{2D22EA80-1406-4F54-A61E-5CDCCEE68241}.Debug|Any CPU.Build.0 = Debug|Any CPU
		{2D22EA80-1406-4F54-A61E-5CDCCEE68241}.Release|Any CPU.ActiveCfg = Release|Any CPU
		{2D22EA80-1406-4F54-A61E-5CDCCEE68241}.Release|Any CPU.Build.0 = Release|Any CPU
		{771DA160-C6A8-43A2-AB0A-051542B35924}.Debug|Any CPU.ActiveCfg = Debug
		{771DA160-C6A8-43A2-AB0A-051542B35924}.Release|Any CPU.ActiveCfg = Release
		{36209BB5-0B88-426C-8876-F2E23A2A81F4}.Debug|Any CPU.ActiveCfg = Debug|Any CPU
		{36209BB5-0B88-426C-8876-F2E23A2A81F4}.Debug|Any CPU.Build.0 = Debug|Any CPU
		{36209BB5-0B88-426C-8876-F2E23A2A81F4}.Release|Any CPU.ActiveCfg = Release|Any CPU
		{36209BB5-0B88-426C-8876-F2E23A2A81F4}.Release|Any CPU.Build.0 = Release|Any CPU
		{0CBBBA90-6F6E-4A8C-83BC-1A04BEF16C39}.Debug|Any CPU.ActiveCfg = Debug|Any CPU
		{0CBBBA90-6F6E-4A8C-83BC-1A04BEF16C39}.Debug|Any CPU.Build.0 = Debug|Any CPU
		{0CBBBA90-6F6E-4A8C-83BC-1A04BEF16C39}.Release|Any CPU.ActiveCfg = Release|Any CPU
		{0CBBBA90-6F6E-4A8C-83BC-1A04BEF16C39}.Release|Any CPU.Build.0 = Release|Any CPU
		{B0555A0E-698E-4332-8D82-2F4C393E86B6}.Debug|Any CPU.ActiveCfg = Debug
		{B0555A0E-698E-4332-8D82-2F4C393E86B6}.Release|Any CPU.ActiveCfg = Release
		{130083C7-5E0C-4E99-91A3-EEFA5AF3777A}.Debug|Any CPU.ActiveCfg = Debug
		{130083C7-5E0C-4E99-91A3-EEFA5AF3777A}.Release|Any CPU.ActiveCfg = Release
		{E3ED4ED9-D438-4B7E-8C75-B5D1D340845C}.Debug|Any CPU.ActiveCfg = Debug
		{E3ED4ED9-D438-4B7E-8C75-B5D1D340845C}.Release|Any CPU.ActiveCfg = Release
		{8C50A843-DCF9-4B30-9D9B-E975A0B011DB}.Debug|Any CPU.ActiveCfg = Debug
		{8C50A843-DCF9-4B30-9D9B-E975A0B011DB}.Release|Any CPU.ActiveCfg = Release
		{BAFAC3FE-6EDC-4EF3-A920-C496C33885E6}.Debug|Any CPU.ActiveCfg = Debug|Any CPU
		{BAFAC3FE-6EDC-4EF3-A920-C496C33885E6}.Debug|Any CPU.Build.0 = Debug|Any CPU
		{BAFAC3FE-6EDC-4EF3-A920-C496C33885E6}.Release|Any CPU.ActiveCfg = Release|Any CPU
		{BAFAC3FE-6EDC-4EF3-A920-C496C33885E6}.Release|Any CPU.Build.0 = Release|Any CPU
		{C7DFDEFA-3819-427E-8CB9-5C012769915E}.Debug|Any CPU.ActiveCfg = Debug|Any CPU
		{C7DFDEFA-3819-427E-8CB9-5C012769915E}.Debug|Any CPU.Build.0 = Debug|Any CPU
		{C7DFDEFA-3819-427E-8CB9-5C012769915E}.Release|Any CPU.ActiveCfg = Release|Any CPU
		{C7DFDEFA-3819-427E-8CB9-5C012769915E}.Release|Any CPU.Build.0 = Release|Any CPU
		{C74E659B-529F-4DA8-A178-0FDA50EB21D6}.Debug|Any CPU.ActiveCfg = Debug|Any CPU
		{C74E659B-529F-4DA8-A178-0FDA50EB21D6}.Debug|Any CPU.Build.0 = Debug|Any CPU
		{C74E659B-529F-4DA8-A178-0FDA50EB21D6}.Release|Any CPU.ActiveCfg = Release|Any CPU
		{C74E659B-529F-4DA8-A178-0FDA50EB21D6}.Release|Any CPU.Build.0 = Release|Any CPU
		{97BEB8C0-C7DD-4246-8E4A-48DAC0BA72C6}.Debug|Any CPU.ActiveCfg = Debug|Any CPU
		{97BEB8C0-C7DD-4246-8E4A-48DAC0BA72C6}.Debug|Any CPU.Build.0 = Debug|Any CPU
		{97BEB8C0-C7DD-4246-8E4A-48DAC0BA72C6}.Release|Any CPU.ActiveCfg = Release|Any CPU
		{97BEB8C0-C7DD-4246-8E4A-48DAC0BA72C6}.Release|Any CPU.Build.0 = Release|Any CPU
		{CA64B2E4-6C87-4D68-B295-12D446377619}.Debug|Any CPU.ActiveCfg = Debug|Any CPU
		{CA64B2E4-6C87-4D68-B295-12D446377619}.Debug|Any CPU.Build.0 = Debug|Any CPU
		{CA64B2E4-6C87-4D68-B295-12D446377619}.Release|Any CPU.ActiveCfg = Release|Any CPU
		{CA64B2E4-6C87-4D68-B295-12D446377619}.Release|Any CPU.Build.0 = Release|Any CPU
	EndGlobalSection
	GlobalSection(SolutionProperties) = preSolution
		HideSolutionNode = FALSE
	EndGlobalSection
EndGlobal
